
Microsoft Visual Studio Solution File, Format Version 12.00
# Visual Studio Version 16
VisualStudioVersion = 16.0.31005.135
MinimumVisualStudioVersion = 10.0.40219.1
Project("{FAE04EC0-301F-11D3-BF4B-00C04F79EFBC}") = "parte2_Ejercicio_13", "parte2_Ejercicio_13\parte2_Ejercicio_13.csproj", "{0F3BACF6-2F15-4AA1-B128-0B9514470503}"
EndProject
Global
	GlobalSection(SolutionConfigurationPlatforms) = preSolution
		Debug|Any CPU = Debug|Any CPU
		Release|Any CPU = Release|Any CPU
	EndGlobalSection
	GlobalSection(ProjectConfigurationPlatforms) = postSolution
		{0F3BACF6-2F15-4AA1-B128-0B9514470503}.Debug|Any CPU.ActiveCfg = Debug|Any CPU
		{0F3BACF6-2F15-4AA1-B128-0B9514470503}.Debug|Any CPU.Build.0 = Debug|Any CPU
		{0F3BACF6-2F15-4AA1-B128-0B9514470503}.Release|Any CPU.ActiveCfg = Release|Any CPU
		{0F3BACF6-2F15-4AA1-B128-0B9514470503}.Release|Any CPU.Build.0 = Release|Any CPU
	EndGlobalSection
	GlobalSection(SolutionProperties) = preSolution
		HideSolutionNode = FALSE
	EndGlobalSection
	GlobalSection(ExtensibilityGlobals) = postSolution
		SolutionGuid = {01A37CEF-A85C-4A99-B871-BADBF55C35D1}
	EndGlobalSection
EndGlobal
