
Microsoft Visual Studio Solution File, Format Version 12.00
# Visual Studio Version 16
VisualStudioVersion = 16.0.31005.135
MinimumVisualStudioVersion = 10.0.40219.1
Project("{FAE04EC0-301F-11D3-BF4B-00C04F79EFBC}") = "Ejercicio_4", "Ejercicio_4\Ejercicio_4.csproj", "{59F207EE-1838-4D01-AC19-45B5C4B573CA}"
EndProject
Global
	GlobalSection(SolutionConfigurationPlatforms) = preSolution
		Debug|Any CPU = Debug|Any CPU
		Release|Any CPU = Release|Any CPU
	EndGlobalSection
	GlobalSection(ProjectConfigurationPlatforms) = postSolution
		{59F207EE-1838-4D01-AC19-45B5C4B573CA}.Debug|Any CPU.ActiveCfg = Debug|Any CPU
		{59F207EE-1838-4D01-AC19-45B5C4B573CA}.Debug|Any CPU.Build.0 = Debug|Any CPU
		{59F207EE-1838-4D01-AC19-45B5C4B573CA}.Release|Any CPU.ActiveCfg = Release|Any CPU
		{59F207EE-1838-4D01-AC19-45B5C4B573CA}.Release|Any CPU.Build.0 = Release|Any CPU
	EndGlobalSection
	GlobalSection(SolutionProperties) = preSolution
		HideSolutionNode = FALSE
	EndGlobalSection
	GlobalSection(ExtensibilityGlobals) = postSolution
		SolutionGuid = {DF13CE91-53F3-43A5-A75A-54A7DEB4D8BC}
	EndGlobalSection
EndGlobal
