
Microsoft Visual Studio Solution File, Format Version 12.00
# Visual Studio Version 16
VisualStudioVersion = 16.0.31005.135
MinimumVisualStudioVersion = 10.0.40219.1
Project("{FAE04EC0-301F-11D3-BF4B-00C04F79EFBC}") = "parte1_Ejercicio_12", "parte1_Ejercicio_12\parte1_Ejercicio_12.csproj", "{32541287-D47A-48DD-A069-DCE970ADFBC0}"
EndProject
Global
	GlobalSection(SolutionConfigurationPlatforms) = preSolution
		Debug|Any CPU = Debug|Any CPU
		Release|Any CPU = Release|Any CPU
	EndGlobalSection
	GlobalSection(ProjectConfigurationPlatforms) = postSolution
		{32541287-D47A-48DD-A069-DCE970ADFBC0}.Debug|Any CPU.ActiveCfg = Debug|Any CPU
		{32541287-D47A-48DD-A069-DCE970ADFBC0}.Debug|Any CPU.Build.0 = Debug|Any CPU
		{32541287-D47A-48DD-A069-DCE970ADFBC0}.Release|Any CPU.ActiveCfg = Release|Any CPU
		{32541287-D47A-48DD-A069-DCE970ADFBC0}.Release|Any CPU.Build.0 = Release|Any CPU
	EndGlobalSection
	GlobalSection(SolutionProperties) = preSolution
		HideSolutionNode = FALSE
	EndGlobalSection
	GlobalSection(ExtensibilityGlobals) = postSolution
		SolutionGuid = {A4AAE4A4-8CF2-43B1-8839-6C6A5159839C}
	EndGlobalSection
EndGlobal
