
Microsoft Visual Studio Solution File, Format Version 12.00
# Visual Studio Version 16
VisualStudioVersion = 16.0.31005.135
MinimumVisualStudioVersion = 10.0.40219.1
Project("{FAE04EC0-301F-11D3-BF4B-00C04F79EFBC}") = "Ejercicio_1", "Ejercicio_1\Ejercicio_1.csproj", "{2C02B414-C0C3-4AC6-8444-8C7E7F609571}"
EndProject
Global
	GlobalSection(SolutionConfigurationPlatforms) = preSolution
		Debug|Any CPU = Debug|Any CPU
		Release|Any CPU = Release|Any CPU
	EndGlobalSection
	GlobalSection(ProjectConfigurationPlatforms) = postSolution
		{2C02B414-C0C3-4AC6-8444-8C7E7F609571}.Debug|Any CPU.ActiveCfg = Debug|Any CPU
		{2C02B414-C0C3-4AC6-8444-8C7E7F609571}.Debug|Any CPU.Build.0 = Debug|Any CPU
		{2C02B414-C0C3-4AC6-8444-8C7E7F609571}.Release|Any CPU.ActiveCfg = Release|Any CPU
		{2C02B414-C0C3-4AC6-8444-8C7E7F609571}.Release|Any CPU.Build.0 = Release|Any CPU
	EndGlobalSection
	GlobalSection(SolutionProperties) = preSolution
		HideSolutionNode = FALSE
	EndGlobalSection
	GlobalSection(ExtensibilityGlobals) = postSolution
		SolutionGuid = {C9D6E22E-D1BB-4058-AED3-62BFD2B51A86}
	EndGlobalSection
EndGlobal
